
Microsoft Visual Studio Solution File, Format Version 12.00
# Visual Studio 15
Project("{FAE04EC0-301F-11D3-BF4B-00C04F79EFBC}") = "klinqers", "klinqers.csproj", "{C0DF123D-494E-4A0F-A0D6-3685E2462D05}"
EndProject
Global
	GlobalSection(SolutionConfigurationPlatforms) = preSolution
		Debug|x86 = Debug|x86
		Release|x86 = Release|x86
	EndGlobalSection
	GlobalSection(ProjectConfigurationPlatforms) = postSolution
		{C0DF123D-494E-4A0F-A0D6-3685E2462D05}.Debug|x86.ActiveCfg = Debug|x86
		{C0DF123D-494E-4A0F-A0D6-3685E2462D05}.Debug|x86.Build.0 = Debug|x86
		{C0DF123D-494E-4A0F-A0D6-3685E2462D05}.Release|x86.ActiveCfg = Release|x86
		{C0DF123D-494E-4A0F-A0D6-3685E2462D05}.Release|x86.Build.0 = Release|x86
	EndGlobalSection
EndGlobal
